
Microsoft Visual Studio Solution File, Format Version 12.00
# Visual Studio Version 17
VisualStudioVersion = 17.0.31903.59
MinimumVisualStudioVersion = 10.0.40219.1
Project("{2150E333-8FDC-42A3-9474-1A3956D46DE8}") = "src", "src", "{587D6E57-2FD2-4717-977F-4E98E853F602}"
EndProject
Project("{FAE04EC0-301F-11D3-BF4B-00C04F79EFBC}") = "Mimir.Pddl", "src\Mimir.Pddl\Mimir.Pddl.csproj", "{6E8F9E18-5026-4F33-92D4-C38AB80BD765}"
EndProject
Project("{2150E333-8FDC-42A3-9474-1A3956D46DE8}") = "Tests", "Tests", "{CAE2C763-BC61-4E36-B03E-677D69141290}"
EndProject
Project("{FAE04EC0-301F-11D3-BF4B-00C04F79EFBC}") = "Mimir.Pddl.Tests", "Tests\Mimir.Pddl.Tests\Mimir.Pddl.Tests.csproj", "{AE5C3343-7670-48DC-8C03-2DB6A5072189}"
EndProject
Project("{FAE04EC0-301F-11D3-BF4B-00C04F79EFBC}") = "Mimir.Core", "src\Mimir.Core\Mimir.Core.csproj", "{5C05D4D8-3482-410F-85C5-E82FC8B22D95}"
EndProject
Project("{FAE04EC0-301F-11D3-BF4B-00C04F79EFBC}") = "Mimir.Core.Tests", "Tests\Mimir.Core.Tests\Mimir.Core.Tests.csproj", "{921B1890-D127-4C7C-86C9-291097150F8C}"
EndProject
Project("{FAE04EC0-301F-11D3-BF4B-00C04F79EFBC}") = "Mimir.Search", "src\Mimir.Search\Mimir.Search.csproj", "{8186FCCC-5EB3-4E07-862C-10388E1B7234}"
EndProject
Project("{FAE04EC0-301F-11D3-BF4B-00C04F79EFBC}") = "Mimir.Search.Tests", "Tests\Mimir.Search.Tests\Mimir.Search.Tests.csproj", "{ED15AC8E-5A9D-4EDC-AC27-C093DB5205B5}"
EndProject
Project("{FAE04EC0-301F-11D3-BF4B-00C04F79EFBC}") = "Mimir.Cli", "src\Mimir.Cli\Mimir.Cli.csproj", "{5B0E7C13-8ED5-4829-9196-AD3BC5E16060}"
EndProject
Project("{FAE04EC0-301F-11D3-BF4B-00C04F79EFBC}") = "Mimir.Interop", "src\Mimir.Interop\Mimir.Interop.csproj", "{64B22254-5F1C-4F13-904A-277CBABBD4B2}"
EndProject
Global
	GlobalSection(SolutionConfigurationPlatforms) = preSolution
		Debug|Any CPU = Debug|Any CPU
		Debug|x64 = Debug|x64
		Debug|x86 = Debug|x86
		Release|Any CPU = Release|Any CPU
		Release|x64 = Release|x64
		Release|x86 = Release|x86
	EndGlobalSection
	GlobalSection(ProjectConfigurationPlatforms) = postSolution
		{6E8F9E18-5026-4F33-92D4-C38AB80BD765}.Debug|Any CPU.ActiveCfg = Debug|Any CPU
		{6E8F9E18-5026-4F33-92D4-C38AB80BD765}.Debug|Any CPU.Build.0 = Debug|Any CPU
		{6E8F9E18-5026-4F33-92D4-C38AB80BD765}.Debug|x64.ActiveCfg = Debug|Any CPU
		{6E8F9E18-5026-4F33-92D4-C38AB80BD765}.Debug|x64.Build.0 = Debug|Any CPU
		{6E8F9E18-5026-4F33-92D4-C38AB80BD765}.Debug|x86.ActiveCfg = Debug|Any CPU
		{6E8F9E18-5026-4F33-92D4-C38AB80BD765}.Debug|x86.Build.0 = Debug|Any CPU
		{6E8F9E18-5026-4F33-92D4-C38AB80BD765}.Release|Any CPU.ActiveCfg = Release|Any CPU
		{6E8F9E18-5026-4F33-92D4-C38AB80BD765}.Release|Any CPU.Build.0 = Release|Any CPU
		{6E8F9E18-5026-4F33-92D4-C38AB80BD765}.Release|x64.ActiveCfg = Release|Any CPU
		{6E8F9E18-5026-4F33-92D4-C38AB80BD765}.Release|x64.Build.0 = Release|Any CPU
		{6E8F9E18-5026-4F33-92D4-C38AB80BD765}.Release|x86.ActiveCfg = Release|Any CPU
		{6E8F9E18-5026-4F33-92D4-C38AB80BD765}.Release|x86.Build.0 = Release|Any CPU
		{AE5C3343-7670-48DC-8C03-2DB6A5072189}.Debug|Any CPU.ActiveCfg = Debug|Any CPU
		{AE5C3343-7670-48DC-8C03-2DB6A5072189}.Debug|Any CPU.Build.0 = Debug|Any CPU
		{AE5C3343-7670-48DC-8C03-2DB6A5072189}.Debug|x64.ActiveCfg = Debug|Any CPU
		{AE5C3343-7670-48DC-8C03-2DB6A5072189}.Debug|x64.Build.0 = Debug|Any CPU
		{AE5C3343-7670-48DC-8C03-2DB6A5072189}.Debug|x86.ActiveCfg = Debug|Any CPU
		{AE5C3343-7670-48DC-8C03-2DB6A5072189}.Debug|x86.Build.0 = Debug|Any CPU
		{AE5C3343-7670-48DC-8C03-2DB6A5072189}.Release|Any CPU.ActiveCfg = Release|Any CPU
		{AE5C3343-7670-48DC-8C03-2DB6A5072189}.Release|Any CPU.Build.0 = Release|Any CPU
		{AE5C3343-7670-48DC-8C03-2DB6A5072189}.Release|x64.ActiveCfg = Release|Any CPU
		{AE5C3343-7670-48DC-8C03-2DB6A5072189}.Release|x64.Build.0 = Release|Any CPU
		{AE5C3343-7670-48DC-8C03-2DB6A5072189}.Release|x86.ActiveCfg = Release|Any CPU
		{AE5C3343-7670-48DC-8C03-2DB6A5072189}.Release|x86.Build.0 = Release|Any CPU
		{5C05D4D8-3482-410F-85C5-E82FC8B22D95}.Debug|Any CPU.ActiveCfg = Debug|Any CPU
		{5C05D4D8-3482-410F-85C5-E82FC8B22D95}.Debug|Any CPU.Build.0 = Debug|Any CPU
		{5C05D4D8-3482-410F-85C5-E82FC8B22D95}.Debug|x64.ActiveCfg = Debug|Any CPU
		{5C05D4D8-3482-410F-85C5-E82FC8B22D95}.Debug|x64.Build.0 = Debug|Any CPU
		{5C05D4D8-3482-410F-85C5-E82FC8B22D95}.Debug|x86.ActiveCfg = Debug|Any CPU
		{5C05D4D8-3482-410F-85C5-E82FC8B22D95}.Debug|x86.Build.0 = Debug|Any CPU
		{5C05D4D8-3482-410F-85C5-E82FC8B22D95}.Release|Any CPU.ActiveCfg = Release|Any CPU
		{5C05D4D8-3482-410F-85C5-E82FC8B22D95}.Release|Any CPU.Build.0 = Release|Any CPU
		{5C05D4D8-3482-410F-85C5-E82FC8B22D95}.Release|x64.ActiveCfg = Release|Any CPU
		{5C05D4D8-3482-410F-85C5-E82FC8B22D95}.Release|x64.Build.0 = Release|Any CPU
		{5C05D4D8-3482-410F-85C5-E82FC8B22D95}.Release|x86.ActiveCfg = Release|Any CPU
		{5C05D4D8-3482-410F-85C5-E82FC8B22D95}.Release|x86.Build.0 = Release|Any CPU
		{921B1890-D127-4C7C-86C9-291097150F8C}.Debug|Any CPU.ActiveCfg = Debug|Any CPU
		{921B1890-D127-4C7C-86C9-291097150F8C}.Debug|Any CPU.Build.0 = Debug|Any CPU
		{921B1890-D127-4C7C-86C9-291097150F8C}.Debug|x64.ActiveCfg = Debug|Any CPU
		{921B1890-D127-4C7C-86C9-291097150F8C}.Debug|x64.Build.0 = Debug|Any CPU
		{921B1890-D127-4C7C-86C9-291097150F8C}.Debug|x86.ActiveCfg = Debug|Any CPU
		{921B1890-D127-4C7C-86C9-291097150F8C}.Debug|x86.Build.0 = Debug|Any CPU
		{921B1890-D127-4C7C-86C9-291097150F8C}.Release|Any CPU.ActiveCfg = Release|Any CPU
		{921B1890-D127-4C7C-86C9-291097150F8C}.Release|Any CPU.Build.0 = Release|Any CPU
		{921B1890-D127-4C7C-86C9-291097150F8C}.Release|x64.ActiveCfg = Release|Any CPU
		{921B1890-D127-4C7C-86C9-291097150F8C}.Release|x64.Build.0 = Release|Any CPU
		{921B1890-D127-4C7C-86C9-291097150F8C}.Release|x86.ActiveCfg = Release|Any CPU
		{921B1890-D127-4C7C-86C9-291097150F8C}.Release|x86.Build.0 = Release|Any CPU
		{8186FCCC-5EB3-4E07-862C-10388E1B7234}.Debug|Any CPU.ActiveCfg = Debug|Any CPU
		{8186FCCC-5EB3-4E07-862C-10388E1B7234}.Debug|Any CPU.Build.0 = Debug|Any CPU
		{8186FCCC-5EB3-4E07-862C-10388E1B7234}.Debug|x64.ActiveCfg = Debug|Any CPU
		{8186FCCC-5EB3-4E07-862C-10388E1B7234}.Debug|x64.Build.0 = Debug|Any CPU
		{8186FCCC-5EB3-4E07-862C-10388E1B7234}.Debug|x86.ActiveCfg = Debug|Any CPU
		{8186FCCC-5EB3-4E07-862C-10388E1B7234}.Debug|x86.Build.0 = Debug|Any CPU
		{8186FCCC-5EB3-4E07-862C-10388E1B7234}.Release|Any CPU.ActiveCfg = Release|Any CPU
		{8186FCCC-5EB3-4E07-862C-10388E1B7234}.Release|Any CPU.Build.0 = Release|Any CPU
		{8186FCCC-5EB3-4E07-862C-10388E1B7234}.Release|x64.ActiveCfg = Release|Any CPU
		{8186FCCC-5EB3-4E07-862C-10388E1B7234}.Release|x64.Build.0 = Release|Any CPU
		{8186FCCC-5EB3-4E07-862C-10388E1B7234}.Release|x86.ActiveCfg = Release|Any CPU
		{8186FCCC-5EB3-4E07-862C-10388E1B7234}.Release|x86.Build.0 = Release|Any CPU
		{ED15AC8E-5A9D-4EDC-AC27-C093DB5205B5}.Debug|Any CPU.ActiveCfg = Debug|Any CPU
		{ED15AC8E-5A9D-4EDC-AC27-C093DB5205B5}.Debug|Any CPU.Build.0 = Debug|Any CPU
		{ED15AC8E-5A9D-4EDC-AC27-C093DB5205B5}.Debug|x64.ActiveCfg = Debug|Any CPU
		{ED15AC8E-5A9D-4EDC-AC27-C093DB5205B5}.Debug|x64.Build.0 = Debug|Any CPU
		{ED15AC8E-5A9D-4EDC-AC27-C093DB5205B5}.Debug|x86.ActiveCfg = Debug|Any CPU
		{ED15AC8E-5A9D-4EDC-AC27-C093DB5205B5}.Debug|x86.Build.0 = Debug|Any CPU
		{ED15AC8E-5A9D-4EDC-AC27-C093DB5205B5}.Release|Any CPU.ActiveCfg = Release|Any CPU
		{ED15AC8E-5A9D-4EDC-AC27-C093DB5205B5}.Release|Any CPU.Build.0 = Release|Any CPU
		{ED15AC8E-5A9D-4EDC-AC27-C093DB5205B5}.Release|x64.ActiveCfg = Release|Any CPU
		{ED15AC8E-5A9D-4EDC-AC27-C093DB5205B5}.Release|x64.Build.0 = Release|Any CPU
		{ED15AC8E-5A9D-4EDC-AC27-C093DB5205B5}.Release|x86.ActiveCfg = Release|Any CPU
		{ED15AC8E-5A9D-4EDC-AC27-C093DB5205B5}.Release|x86.Build.0 = Release|Any CPU
		{5B0E7C13-8ED5-4829-9196-AD3BC5E16060}.Debug|Any CPU.ActiveCfg = Debug|Any CPU
		{5B0E7C13-8ED5-4829-9196-AD3BC5E16060}.Debug|Any CPU.Build.0 = Debug|Any CPU
		{5B0E7C13-8ED5-4829-9196-AD3BC5E16060}.Debug|x64.ActiveCfg = Debug|Any CPU
		{5B0E7C13-8ED5-4829-9196-AD3BC5E16060}.Debug|x64.Build.0 = Debug|Any CPU
		{5B0E7C13-8ED5-4829-9196-AD3BC5E16060}.Debug|x86.ActiveCfg = Debug|Any CPU
		{5B0E7C13-8ED5-4829-9196-AD3BC5E16060}.Debug|x86.Build.0 = Debug|Any CPU
		{5B0E7C13-8ED5-4829-9196-AD3BC5E16060}.Release|Any CPU.ActiveCfg = Release|Any CPU
		{5B0E7C13-8ED5-4829-9196-AD3BC5E16060}.Release|Any CPU.Build.0 = Release|Any CPU
		{5B0E7C13-8ED5-4829-9196-AD3BC5E16060}.Release|x64.ActiveCfg = Release|Any CPU
		{5B0E7C13-8ED5-4829-9196-AD3BC5E16060}.Release|x64.Build.0 = Release|Any CPU
		{5B0E7C13-8ED5-4829-9196-AD3BC5E16060}.Release|x86.ActiveCfg = Release|Any CPU
		{5B0E7C13-8ED5-4829-9196-AD3BC5E16060}.Release|x86.Build.0 = Release|Any CPU
		{64B22254-5F1C-4F13-904A-277CBABBD4B2}.Debug|Any CPU.ActiveCfg = Debug|Any CPU
		{64B22254-5F1C-4F13-904A-277CBABBD4B2}.Debug|Any CPU.Build.0 = Debug|Any CPU
		{64B22254-5F1C-4F13-904A-277CBABBD4B2}.Debug|x64.ActiveCfg = Debug|Any CPU
		{64B22254-5F1C-4F13-904A-277CBABBD4B2}.Debug|x64.Build.0 = Debug|Any CPU
		{64B22254-5F1C-4F13-904A-277CBABBD4B2}.Debug|x86.ActiveCfg = Debug|Any CPU
		{64B22254-5F1C-4F13-904A-277CBABBD4B2}.Debug|x86.Build.0 = Debug|Any CPU
		{64B22254-5F1C-4F13-904A-277CBABBD4B2}.Release|Any CPU.ActiveCfg = Release|Any CPU
		{64B22254-5F1C-4F13-904A-277CBABBD4B2}.Release|Any CPU.Build.0 = Release|Any CPU
		{64B22254-5F1C-4F13-904A-277CBABBD4B2}.Release|x64.ActiveCfg = Release|Any CPU
		{64B22254-5F1C-4F13-904A-277CBABBD4B2}.Release|x64.Build.0 = Release|Any CPU
		{64B22254-5F1C-4F13-904A-277CBABBD4B2}.Release|x86.ActiveCfg = Release|Any CPU
		{64B22254-5F1C-4F13-904A-277CBABBD4B2}.Release|x86.Build.0 = Release|Any CPU
	EndGlobalSection
	GlobalSection(SolutionProperties) = preSolution
		HideSolutionNode = FALSE
	EndGlobalSection
	GlobalSection(NestedProjects) = preSolution
		{6E8F9E18-5026-4F33-92D4-C38AB80BD765} = {587D6E57-2FD2-4717-977F-4E98E853F602}
		{AE5C3343-7670-48DC-8C03-2DB6A5072189} = {CAE2C763-BC61-4E36-B03E-677D69141290}
		{5C05D4D8-3482-410F-85C5-E82FC8B22D95} = {587D6E57-2FD2-4717-977F-4E98E853F602}
		{921B1890-D127-4C7C-86C9-291097150F8C} = {CAE2C763-BC61-4E36-B03E-677D69141290}
		{8186FCCC-5EB3-4E07-862C-10388E1B7234} = {587D6E57-2FD2-4717-977F-4E98E853F602}
		{ED15AC8E-5A9D-4EDC-AC27-C093DB5205B5} = {CAE2C763-BC61-4E36-B03E-677D69141290}
		{5B0E7C13-8ED5-4829-9196-AD3BC5E16060} = {587D6E57-2FD2-4717-977F-4E98E853F602}
		{64B22254-5F1C-4F13-904A-277CBABBD4B2} = {587D6E57-2FD2-4717-977F-4E98E853F602}
	EndGlobalSection
EndGlobal
